<?xml version="1.0" encoding="UTF-8"?>
<!DOCTYPE plist PUBLIC "-//Apple//DTD PLIST 1.0//EN" "http://www.apple.com/DTDs/PropertyList-1.0.dtd">
<plist version="1.0">
<dict>
	<key>archiveVersion</key>
	<string>1</string>
	<key>classes</key>
	<dict/>
	<key>objectVersion</key>
	<string>46</string>
	<key>objects</key>
	<dict>
		<key>08D1E90FEEB4F03410D09C29</key>
		<dict>
			<key>children</key>
			<array>
				<string>6F56EDE40B2A91DFEEFB590F</string>
				<string>5E6D23FE5425DD5BED193E2D</string>
			</array>
			<key>isa</key>
			<string>PBXGroup</string>
			<key>name</key>
			<string>Pods</string>
			<key>sourceTree</key>
			<string>&lt;group&gt;</string>
		</dict>
		<key>0A54BF95192622C400341AFB</key>
		<dict>
			<key>children</key>
			<array>
				<string>0A54BFA7192622C400341AFB</string>
				<string>0A54BFC9192622C400341AFB</string>
				<string>0A54BFA0192622C400341AFB</string>
				<string>0A54BF9F192622C400341AFB</string>
				<string>08D1E90FEEB4F03410D09C29</string>
			</array>
			<key>isa</key>
			<string>PBXGroup</string>
			<key>sourceTree</key>
			<string>&lt;group&gt;</string>
		</dict>
		<key>0A54BF96192622C400341AFB</key>
		<dict>
			<key>attributes</key>
			<dict>
				<key>CLASSPREFIX</key>
				<string>PD</string>
				<key>LastUpgradeCheck</key>
				<string>0510</string>
				<key>ORGANIZATIONNAME</key>
				<string>Piner</string>
				<key>TargetAttributes</key>
				<dict>
					<key>0A54BFC1192622C400341AFB</key>
					<dict>
						<key>TestTargetID</key>
						<string>0A54BF9D192622C400341AFB</string>
					</dict>
				</dict>
			</dict>
			<key>buildConfigurationList</key>
			<string>0A54BF99192622C400341AFB</string>
			<key>compatibilityVersion</key>
			<string>Xcode 3.2</string>
			<key>developmentRegion</key>
			<string>English</string>
			<key>hasScannedForEncodings</key>
			<string>0</string>
			<key>isa</key>
			<string>PBXProject</string>
			<key>knownRegions</key>
			<array>
				<string>en</string>
				<string>Base</string>
			</array>
			<key>mainGroup</key>
			<string>0A54BF95192622C400341AFB</string>
			<key>productRefGroup</key>
			<string>0A54BF9F192622C400341AFB</string>
			<key>projectDirPath</key>
			<string></string>
			<key>projectReferences</key>
			<array/>
			<key>projectRoot</key>
			<string></string>
			<key>targets</key>
			<array>
				<string>0A54BF9D192622C400341AFB</string>
				<string>0A54BFC1192622C400341AFB</string>
			</array>
		</dict>
		<key>0A54BF99192622C400341AFB</key>
		<dict>
			<key>buildConfigurations</key>
			<array>
				<string>0A54BFD1192622C400341AFB</string>
				<string>0A54BFD2192622C400341AFB</string>
			</array>
			<key>defaultConfigurationIsVisible</key>
			<string>0</string>
			<key>defaultConfigurationName</key>
			<string>Release</string>
			<key>isa</key>
			<string>XCConfigurationList</string>
		</dict>
		<key>0A54BF9A192622C400341AFB</key>
		<dict>
			<key>buildActionMask</key>
			<string>2147483647</string>
			<key>files</key>
			<array>
				<string>0A748FDA1926BA540067EFCB</string>
				<string>0A54BFB2192622C400341AFB</string>
				<string>0A54BFB8192622C400341AFB</string>
				<string>0A54BFAE192622C400341AFB</string>
				<string>0A54BFE11926231500341AFB</string>
				<string>0AA366F21926BD8D00502971</string>
				<string>0A54BFE01926231500341AFB</string>
				<string>0A54BFE21926231500341AFB</string>
				<string>0A927F2A19273484005E44E9</string>
			</array>
			<key>isa</key>
			<string>PBXSourcesBuildPhase</string>
			<key>runOnlyForDeploymentPostprocessing</key>
			<string>0</string>
		</dict>
		<key>0A54BF9B192622C400341AFB</key>
		<dict>
			<key>buildActionMask</key>
			<string>2147483647</string>
			<key>files</key>
			<array>
				<string>0A54BFA4192622C400341AFB</string>
				<string>0A54BFA6192622C400341AFB</string>
				<string>0A54BFA2192622C400341AFB</string>
				<string>390FA0C4D62045DA8353F441</string>
			</array>
			<key>isa</key>
			<string>PBXFrameworksBuildPhase</string>
			<key>runOnlyForDeploymentPostprocessing</key>
			<string>0</string>
		</dict>
		<key>0A54BF9C192622C400341AFB</key>
		<dict>
			<key>buildActionMask</key>
			<string>2147483647</string>
			<key>files</key>
			<array>
				<string>0A54BFBD192622C400341AFB</string>
				<string>0A54BFAC192622C400341AFB</string>
				<string>0A54BFB5192622C400341AFB</string>
				<string>0A54BFE619265D0F00341AFB</string>
			</array>
			<key>isa</key>
			<string>PBXResourcesBuildPhase</string>
			<key>runOnlyForDeploymentPostprocessing</key>
			<string>0</string>
		</dict>
		<key>0A54BF9D192622C400341AFB</key>
		<dict>
			<key>buildConfigurationList</key>
			<string>0A54BFD3192622C400341AFB</string>
			<key>buildPhases</key>
			<array>
				<string>BB4E7CF38A974965BCE2803D</string>
				<string>0A54BF9A192622C400341AFB</string>
				<string>0A54BF9B192622C400341AFB</string>
				<string>0A54BF9C192622C400341AFB</string>
				<string>762826E72CA249C59AC17725</string>
			</array>
			<key>buildRules</key>
			<array/>
			<key>dependencies</key>
			<array/>
			<key>isa</key>
			<string>PBXNativeTarget</string>
			<key>name</key>
			<string>POP-Handapp</string>
			<key>productName</key>
			<string>POP-Handapp</string>
			<key>productReference</key>
			<string>0A54BF9E192622C400341AFB</string>
			<key>productType</key>
			<string>com.apple.product-type.application</string>
		</dict>
		<key>0A54BF9E192622C400341AFB</key>
		<dict>
			<key>explicitFileType</key>
			<string>wrapper.application</string>
			<key>includeInIndex</key>
			<string>0</string>
			<key>isa</key>
			<string>PBXFileReference</string>
			<key>path</key>
			<string>POP-Handapp.app</string>
			<key>sourceTree</key>
			<string>BUILT_PRODUCTS_DIR</string>
		</dict>
		<key>0A54BF9F192622C400341AFB</key>
		<dict>
			<key>children</key>
			<array>
				<string>0A54BF9E192622C400341AFB</string>
				<string>0A54BFC2192622C400341AFB</string>
			</array>
			<key>isa</key>
			<string>PBXGroup</string>
			<key>name</key>
			<string>Products</string>
			<key>sourceTree</key>
			<string>&lt;group&gt;</string>
		</dict>
		<key>0A54BFA0192622C400341AFB</key>
		<dict>
			<key>children</key>
			<array>
				<string>0A54BFA1192622C400341AFB</string>
				<string>0A54BFA3192622C400341AFB</string>
				<string>0A54BFA5192622C400341AFB</string>
				<string>0A54BFC3192622C400341AFB</string>
				<string>813F742214324DAFAA5B19CB</string>
			</array>
			<key>isa</key>
			<string>PBXGroup</string>
			<key>name</key>
			<string>Frameworks</string>
			<key>sourceTree</key>
			<string>&lt;group&gt;</string>
		</dict>
		<key>0A54BFA1192622C400341AFB</key>
		<dict>
			<key>isa</key>
			<string>PBXFileReference</string>
			<key>lastKnownFileType</key>
			<string>wrapper.framework</string>
			<key>name</key>
			<string>Foundation.framework</string>
			<key>path</key>
			<string>System/Library/Frameworks/Foundation.framework</string>
			<key>sourceTree</key>
			<string>SDKROOT</string>
		</dict>
		<key>0A54BFA2192622C400341AFB</key>
		<dict>
			<key>fileRef</key>
			<string>0A54BFA1192622C400341AFB</string>
			<key>isa</key>
			<string>PBXBuildFile</string>
		</dict>
		<key>0A54BFA3192622C400341AFB</key>
		<dict>
			<key>isa</key>
			<string>PBXFileReference</string>
			<key>lastKnownFileType</key>
			<string>wrapper.framework</string>
			<key>name</key>
			<string>CoreGraphics.framework</string>
			<key>path</key>
			<string>System/Library/Frameworks/CoreGraphics.framework</string>
			<key>sourceTree</key>
			<string>SDKROOT</string>
		</dict>
		<key>0A54BFA4192622C400341AFB</key>
		<dict>
			<key>fileRef</key>
			<string>0A54BFA3192622C400341AFB</string>
			<key>isa</key>
			<string>PBXBuildFile</string>
		</dict>
		<key>0A54BFA5192622C400341AFB</key>
		<dict>
			<key>isa</key>
			<string>PBXFileReference</string>
			<key>lastKnownFileType</key>
			<string>wrapper.framework</string>
			<key>name</key>
			<string>UIKit.framework</string>
			<key>path</key>
			<string>System/Library/Frameworks/UIKit.framework</string>
			<key>sourceTree</key>
			<string>SDKROOT</string>
		</dict>
		<key>0A54BFA6192622C400341AFB</key>
		<dict>
			<key>fileRef</key>
			<string>0A54BFA5192622C400341AFB</string>
			<key>isa</key>
			<string>PBXBuildFile</string>
		</dict>
		<key>0A54BFA7192622C400341AFB</key>
		<dict>
			<key>children</key>
			<array>
				<string>0A927F2B19273487005E44E9</string>
				<string>0AA366F31926BD9100502971</string>
				<string>0A748FDB1926BA570067EFCB</string>
				<string>0A54BFD91926231500341AFB</string>
				<string>0A54BFE31926232900341AFB</string>
				<string>0A54BFB0192622C400341AFB</string>
				<string>0A54BFB1192622C400341AFB</string>
				<string>0A54BFB3192622C400341AFB</string>
				<string>0A54BFB6192622C400341AFB</string>
				<string>0A54BFB7192622C400341AFB</string>
				<string>0A54BFDC1926231500341AFB</string>
				<string>0A54BFDD1926231500341AFB</string>
				<string>0A54BFBC192622C400341AFB</string>
				<string>0A54BFA8192622C400341AFB</string>
			</array>
			<key>isa</key>
			<string>PBXGroup</string>
			<key>path</key>
			<string>POP-Handapp</string>
			<key>sourceTree</key>
			<string>&lt;group&gt;</string>
		</dict>
		<key>0A54BFA8192622C400341AFB</key>
		<dict>
			<key>children</key>
			<array>
				<string>0A54BFE419265D0F00341AFB</string>
				<string>0A54BFE519265D0F00341AFB</string>
				<string>0A54BFAA192622C400341AFB</string>
				<string>0A54BFAD192622C400341AFB</string>
			</array>
			<key>isa</key>
			<string>PBXGroup</string>
			<key>name</key>
			<string>Supporting Files</string>
			<key>sourceTree</key>
			<string>&lt;group&gt;</string>
		</dict>
		<key>0A54BFAA192622C400341AFB</key>
		<dict>
			<key>children</key>
			<array>
				<string>0A54BFAB192622C400341AFB</string>
			</array>
			<key>isa</key>
			<string>PBXVariantGroup</string>
			<key>name</key>
			<string>InfoPlist.strings</string>
			<key>sourceTree</key>
			<string>&lt;group&gt;</string>
		</dict>
		<key>0A54BFAB192622C400341AFB</key>
		<dict>
			<key>isa</key>
			<string>PBXFileReference</string>
			<key>lastKnownFileType</key>
			<string>text.plist.strings</string>
			<key>name</key>
			<string>en</string>
			<key>path</key>
			<string>en.lproj/InfoPlist.strings</string>
			<key>sourceTree</key>
			<string>&lt;group&gt;</string>
		</dict>
		<key>0A54BFAC192622C400341AFB</key>
		<dict>
			<key>fileRef</key>
			<string>0A54BFAA192622C400341AFB</string>
			<key>isa</key>
			<string>PBXBuildFile</string>
		</dict>
		<key>0A54BFAD192622C400341AFB</key>
		<dict>
			<key>isa</key>
			<string>PBXFileReference</string>
			<key>lastKnownFileType</key>
			<string>sourcecode.c.objc</string>
			<key>path</key>
			<string>main.m</string>
			<key>sourceTree</key>
			<string>&lt;group&gt;</string>
		</dict>
		<key>0A54BFAE192622C400341AFB</key>
		<dict>
			<key>fileRef</key>
			<string>0A54BFAD192622C400341AFB</string>
			<key>isa</key>
			<string>PBXBuildFile</string>
		</dict>
		<key>0A54BFB0192622C400341AFB</key>
		<dict>
			<key>isa</key>
			<string>PBXFileReference</string>
			<key>lastKnownFileType</key>
			<string>sourcecode.c.h</string>
			<key>path</key>
			<string>PDAppDelegate.h</string>
			<key>sourceTree</key>
			<string>&lt;group&gt;</string>
		</dict>
		<key>0A54BFB1192622C400341AFB</key>
		<dict>
			<key>isa</key>
			<string>PBXFileReference</string>
			<key>lastKnownFileType</key>
			<string>sourcecode.c.objc</string>
			<key>path</key>
			<string>PDAppDelegate.m</string>
			<key>sourceTree</key>
			<string>&lt;group&gt;</string>
		</dict>
		<key>0A54BFB2192622C400341AFB</key>
		<dict>
			<key>fileRef</key>
			<string>0A54BFB1192622C400341AFB</string>
			<key>isa</key>
			<string>PBXBuildFile</string>
		</dict>
		<key>0A54BFB3192622C400341AFB</key>
		<dict>
			<key>children</key>
			<array>
				<string>0A54BFB4192622C400341AFB</string>
			</array>
			<key>isa</key>
			<string>PBXVariantGroup</string>
			<key>name</key>
			<string>Main.storyboard</string>
			<key>sourceTree</key>
			<string>&lt;group&gt;</string>
		</dict>
		<key>0A54BFB4192622C400341AFB</key>
		<dict>
			<key>isa</key>
			<string>PBXFileReference</string>
			<key>lastKnownFileType</key>
			<string>file.storyboard</string>
			<key>name</key>
			<string>Base</string>
			<key>path</key>
			<string>Base.lproj/Main.storyboard</string>
			<key>sourceTree</key>
			<string>&lt;group&gt;</string>
		</dict>
		<key>0A54BFB5192622C400341AFB</key>
		<dict>
			<key>fileRef</key>
			<string>0A54BFB3192622C400341AFB</string>
			<key>isa</key>
			<string>PBXBuildFile</string>
		</dict>
		<key>0A54BFB6192622C400341AFB</key>
		<dict>
			<key>isa</key>
			<string>PBXFileReference</string>
			<key>lastKnownFileType</key>
			<string>sourcecode.c.h</string>
			<key>path</key>
			<string>PDMasterViewController.h</string>
			<key>sourceTree</key>
			<string>&lt;group&gt;</string>
		</dict>
		<key>0A54BFB7192622C400341AFB</key>
		<dict>
			<key>isa</key>
			<string>PBXFileReference</string>
			<key>lastKnownFileType</key>
			<string>sourcecode.c.objc</string>
			<key>path</key>
			<string>PDMasterViewController.m</string>
			<key>sourceTree</key>
			<string>&lt;group&gt;</string>
		</dict>
		<key>0A54BFB8192622C400341AFB</key>
		<dict>
			<key>fileRef</key>
			<string>0A54BFB7192622C400341AFB</string>
			<key>isa</key>
			<string>PBXBuildFile</string>
		</dict>
		<key>0A54BFBC192622C400341AFB</key>
		<dict>
			<key>isa</key>
			<string>PBXFileReference</string>
			<key>lastKnownFileType</key>
			<string>folder.assetcatalog</string>
			<key>path</key>
			<string>Images.xcassets</string>
			<key>sourceTree</key>
			<string>&lt;group&gt;</string>
		</dict>
		<key>0A54BFBD192622C400341AFB</key>
		<dict>
			<key>fileRef</key>
			<string>0A54BFBC192622C400341AFB</string>
			<key>isa</key>
			<string>PBXBuildFile</string>
		</dict>
		<key>0A54BFBE192622C400341AFB</key>
		<dict>
			<key>buildActionMask</key>
			<string>2147483647</string>
			<key>files</key>
			<array>
				<string>0A54BFD0192622C400341AFB</string>
			</array>
			<key>isa</key>
			<string>PBXSourcesBuildPhase</string>
			<key>runOnlyForDeploymentPostprocessing</key>
			<string>0</string>
		</dict>
		<key>0A54BFBF192622C400341AFB</key>
		<dict>
			<key>buildActionMask</key>
			<string>2147483647</string>
			<key>files</key>
			<array>
				<string>0A54BFC4192622C400341AFB</string>
				<string>0A54BFC6192622C400341AFB</string>
				<string>0A54BFC5192622C400341AFB</string>
			</array>
			<key>isa</key>
			<string>PBXFrameworksBuildPhase</string>
			<key>runOnlyForDeploymentPostprocessing</key>
			<string>0</string>
		</dict>
		<key>0A54BFC0192622C400341AFB</key>
		<dict>
			<key>buildActionMask</key>
			<string>2147483647</string>
			<key>files</key>
			<array>
				<string>0A54BFCE192622C400341AFB</string>
			</array>
			<key>isa</key>
			<string>PBXResourcesBuildPhase</string>
			<key>runOnlyForDeploymentPostprocessing</key>
			<string>0</string>
		</dict>
		<key>0A54BFC1192622C400341AFB</key>
		<dict>
			<key>buildConfigurationList</key>
			<string>0A54BFD6192622C400341AFB</string>
			<key>buildPhases</key>
			<array>
				<string>0A54BFBE192622C400341AFB</string>
				<string>0A54BFBF192622C400341AFB</string>
				<string>0A54BFC0192622C400341AFB</string>
			</array>
			<key>buildRules</key>
			<array/>
			<key>dependencies</key>
			<array>
				<string>0A54BFC8192622C400341AFB</string>
			</array>
			<key>isa</key>
			<string>PBXNativeTarget</string>
			<key>name</key>
			<string>POP-HandappTests</string>
			<key>productName</key>
			<string>POP-HandappTests</string>
			<key>productReference</key>
			<string>0A54BFC2192622C400341AFB</string>
			<key>productType</key>
			<string>com.apple.product-type.bundle.unit-test</string>
		</dict>
		<key>0A54BFC2192622C400341AFB</key>
		<dict>
			<key>explicitFileType</key>
			<string>wrapper.cfbundle</string>
			<key>includeInIndex</key>
			<string>0</string>
			<key>isa</key>
			<string>PBXFileReference</string>
			<key>path</key>
			<string>POP-HandappTests.xctest</string>
			<key>sourceTree</key>
			<string>BUILT_PRODUCTS_DIR</string>
		</dict>
		<key>0A54BFC3192622C400341AFB</key>
		<dict>
			<key>isa</key>
			<string>PBXFileReference</string>
			<key>lastKnownFileType</key>
			<string>wrapper.framework</string>
			<key>name</key>
			<string>XCTest.framework</string>
			<key>path</key>
			<string>Library/Frameworks/XCTest.framework</string>
			<key>sourceTree</key>
			<string>DEVELOPER_DIR</string>
		</dict>
		<key>0A54BFC4192622C400341AFB</key>
		<dict>
			<key>fileRef</key>
			<string>0A54BFC3192622C400341AFB</string>
			<key>isa</key>
			<string>PBXBuildFile</string>
		</dict>
		<key>0A54BFC5192622C400341AFB</key>
		<dict>
			<key>fileRef</key>
			<string>0A54BFA1192622C400341AFB</string>
			<key>isa</key>
			<string>PBXBuildFile</string>
		</dict>
		<key>0A54BFC6192622C400341AFB</key>
		<dict>
			<key>fileRef</key>
			<string>0A54BFA5192622C400341AFB</string>
			<key>isa</key>
			<string>PBXBuildFile</string>
		</dict>
		<key>0A54BFC7192622C400341AFB</key>
		<dict>
			<key>containerPortal</key>
			<string>0A54BF96192622C400341AFB</string>
			<key>isa</key>
			<string>PBXContainerItemProxy</string>
			<key>proxyType</key>
			<string>1</string>
			<key>remoteGlobalIDString</key>
			<string>0A54BF9D192622C400341AFB</string>
			<key>remoteInfo</key>
			<string>POP-Handapp</string>
		</dict>
		<key>0A54BFC8192622C400341AFB</key>
		<dict>
			<key>isa</key>
			<string>PBXTargetDependency</string>
			<key>target</key>
			<string>0A54BF9D192622C400341AFB</string>
			<key>targetProxy</key>
			<string>0A54BFC7192622C400341AFB</string>
		</dict>
		<key>0A54BFC9192622C400341AFB</key>
		<dict>
			<key>children</key>
			<array>
				<string>0A54BFCF192622C400341AFB</string>
				<string>0A54BFCA192622C400341AFB</string>
			</array>
			<key>isa</key>
			<string>PBXGroup</string>
			<key>path</key>
			<string>POP-HandappTests</string>
			<key>sourceTree</key>
			<string>&lt;group&gt;</string>
		</dict>
		<key>0A54BFCA192622C400341AFB</key>
		<dict>
			<key>children</key>
			<array>
				<string>0A54BFCB192622C400341AFB</string>
				<string>0A54BFCC192622C400341AFB</string>
			</array>
			<key>isa</key>
			<string>PBXGroup</string>
			<key>name</key>
			<string>Supporting Files</string>
			<key>sourceTree</key>
			<string>&lt;group&gt;</string>
		</dict>
		<key>0A54BFCB192622C400341AFB</key>
		<dict>
			<key>isa</key>
			<string>PBXFileReference</string>
			<key>lastKnownFileType</key>
			<string>text.plist.xml</string>
			<key>path</key>
			<string>POP-HandappTests-Info.plist</string>
			<key>sourceTree</key>
			<string>&lt;group&gt;</string>
		</dict>
		<key>0A54BFCC192622C400341AFB</key>
		<dict>
			<key>children</key>
			<array>
				<string>0A54BFCD192622C400341AFB</string>
			</array>
			<key>isa</key>
			<string>PBXVariantGroup</string>
			<key>name</key>
			<string>InfoPlist.strings</string>
			<key>sourceTree</key>
			<string>&lt;group&gt;</string>
		</dict>
		<key>0A54BFCD192622C400341AFB</key>
		<dict>
			<key>isa</key>
			<string>PBXFileReference</string>
			<key>lastKnownFileType</key>
			<string>text.plist.strings</string>
			<key>name</key>
			<string>en</string>
			<key>path</key>
			<string>en.lproj/InfoPlist.strings</string>
			<key>sourceTree</key>
			<string>&lt;group&gt;</string>
		</dict>
		<key>0A54BFCE192622C400341AFB</key>
		<dict>
			<key>fileRef</key>
			<string>0A54BFCC192622C400341AFB</string>
			<key>isa</key>
			<string>PBXBuildFile</string>
		</dict>
		<key>0A54BFCF192622C400341AFB</key>
		<dict>
			<key>isa</key>
			<string>PBXFileReference</string>
			<key>lastKnownFileType</key>
			<string>sourcecode.c.objc</string>
			<key>path</key>
			<string>POP_HandappTests.m</string>
			<key>sourceTree</key>
			<string>&lt;group&gt;</string>
		</dict>
		<key>0A54BFD0192622C400341AFB</key>
		<dict>
			<key>fileRef</key>
			<string>0A54BFCF192622C400341AFB</string>
			<key>isa</key>
			<string>PBXBuildFile</string>
		</dict>
		<key>0A54BFD1192622C400341AFB</key>
		<dict>
			<key>buildSettings</key>
			<dict>
				<key>ALWAYS_SEARCH_USER_PATHS</key>
				<string>NO</string>
				<key>CLANG_CXX_LANGUAGE_STANDARD</key>
				<string>gnu++0x</string>
				<key>CLANG_CXX_LIBRARY</key>
				<string>libc++</string>
				<key>CLANG_ENABLE_MODULES</key>
				<string>YES</string>
				<key>CLANG_ENABLE_OBJC_ARC</key>
				<string>YES</string>
				<key>CLANG_WARN_BOOL_CONVERSION</key>
				<string>YES</string>
				<key>CLANG_WARN_CONSTANT_CONVERSION</key>
				<string>YES</string>
				<key>CLANG_WARN_DIRECT_OBJC_ISA_USAGE</key>
				<string>YES_ERROR</string>
				<key>CLANG_WARN_EMPTY_BODY</key>
				<string>YES</string>
				<key>CLANG_WARN_ENUM_CONVERSION</key>
				<string>YES</string>
				<key>CLANG_WARN_INT_CONVERSION</key>
				<string>YES</string>
				<key>CLANG_WARN_OBJC_ROOT_CLASS</key>
				<string>YES_ERROR</string>
				<key>CLANG_WARN__DUPLICATE_METHOD_MATCH</key>
				<string>YES</string>
				<key>CODE_SIGN_IDENTITY[sdk=iphoneos*]</key>
				<string>iPhone Developer</string>
				<key>COPY_PHASE_STRIP</key>
				<string>NO</string>
				<key>GCC_C_LANGUAGE_STANDARD</key>
				<string>gnu99</string>
				<key>GCC_DYNAMIC_NO_PIC</key>
				<string>NO</string>
				<key>GCC_OPTIMIZATION_LEVEL</key>
				<string>0</string>
				<key>GCC_PREPROCESSOR_DEFINITIONS</key>
				<array>
					<string>DEBUG=1</string>
					<string>$(inherited)</string>
				</array>
				<key>GCC_SYMBOLS_PRIVATE_EXTERN</key>
				<string>NO</string>
				<key>GCC_WARN_64_TO_32_BIT_CONVERSION</key>
				<string>YES</string>
				<key>GCC_WARN_ABOUT_RETURN_TYPE</key>
				<string>YES_ERROR</string>
				<key>GCC_WARN_UNDECLARED_SELECTOR</key>
				<string>YES</string>
				<key>GCC_WARN_UNINITIALIZED_AUTOS</key>
				<string>YES_AGGRESSIVE</string>
				<key>GCC_WARN_UNUSED_FUNCTION</key>
				<string>YES</string>
				<key>GCC_WARN_UNUSED_VARIABLE</key>
				<string>YES</string>
				<key>IPHONEOS_DEPLOYMENT_TARGET</key>
				<string>7.1</string>
				<key>ONLY_ACTIVE_ARCH</key>
				<string>YES</string>
				<key>SDKROOT</key>
				<string>iphoneos</string>
			</dict>
			<key>isa</key>
			<string>XCBuildConfiguration</string>
			<key>name</key>
			<string>Debug</string>
		</dict>
		<key>0A54BFD2192622C400341AFB</key>
		<dict>
			<key>buildSettings</key>
			<dict>
				<key>ALWAYS_SEARCH_USER_PATHS</key>
				<string>NO</string>
				<key>CLANG_CXX_LANGUAGE_STANDARD</key>
				<string>gnu++0x</string>
				<key>CLANG_CXX_LIBRARY</key>
				<string>libc++</string>
				<key>CLANG_ENABLE_MODULES</key>
				<string>YES</string>
				<key>CLANG_ENABLE_OBJC_ARC</key>
				<string>YES</string>
				<key>CLANG_WARN_BOOL_CONVERSION</key>
				<string>YES</string>
				<key>CLANG_WARN_CONSTANT_CONVERSION</key>
				<string>YES</string>
				<key>CLANG_WARN_DIRECT_OBJC_ISA_USAGE</key>
				<string>YES_ERROR</string>
				<key>CLANG_WARN_EMPTY_BODY</key>
				<string>YES</string>
				<key>CLANG_WARN_ENUM_CONVERSION</key>
				<string>YES</string>
				<key>CLANG_WARN_INT_CONVERSION</key>
				<string>YES</string>
				<key>CLANG_WARN_OBJC_ROOT_CLASS</key>
				<string>YES_ERROR</string>
				<key>CLANG_WARN__DUPLICATE_METHOD_MATCH</key>
				<string>YES</string>
				<key>CODE_SIGN_IDENTITY[sdk=iphoneos*]</key>
				<string>iPhone Developer</string>
				<key>COPY_PHASE_STRIP</key>
				<string>YES</string>
				<key>ENABLE_NS_ASSERTIONS</key>
				<string>NO</string>
				<key>GCC_C_LANGUAGE_STANDARD</key>
				<string>gnu99</string>
				<key>GCC_WARN_64_TO_32_BIT_CONVERSION</key>
				<string>YES</string>
				<key>GCC_WARN_ABOUT_RETURN_TYPE</key>
				<string>YES_ERROR</string>
				<key>GCC_WARN_UNDECLARED_SELECTOR</key>
				<string>YES</string>
				<key>GCC_WARN_UNINITIALIZED_AUTOS</key>
				<string>YES_AGGRESSIVE</string>
				<key>GCC_WARN_UNUSED_FUNCTION</key>
				<string>YES</string>
				<key>GCC_WARN_UNUSED_VARIABLE</key>
				<string>YES</string>
				<key>IPHONEOS_DEPLOYMENT_TARGET</key>
				<string>7.1</string>
				<key>SDKROOT</key>
				<string>iphoneos</string>
				<key>VALIDATE_PRODUCT</key>
				<string>YES</string>
			</dict>
			<key>isa</key>
			<string>XCBuildConfiguration</string>
			<key>name</key>
			<string>Release</string>
		</dict>
		<key>0A54BFD3192622C400341AFB</key>
		<dict>
			<key>buildConfigurations</key>
			<array>
				<string>0A54BFD4192622C400341AFB</string>
				<string>0A54BFD5192622C400341AFB</string>
			</array>
			<key>defaultConfigurationIsVisible</key>
			<string>0</string>
			<key>defaultConfigurationName</key>
			<string>Release</string>
			<key>isa</key>
			<string>XCConfigurationList</string>
		</dict>
		<key>0A54BFD4192622C400341AFB</key>
		<dict>
			<key>baseConfigurationReference</key>
			<string>6F56EDE40B2A91DFEEFB590F</string>
			<key>buildSettings</key>
			<dict>
				<key>ASSETCATALOG_COMPILER_APPICON_NAME</key>
				<string>AppIcon</string>
				<key>ASSETCATALOG_COMPILER_LAUNCHIMAGE_NAME</key>
				<string>LaunchImage</string>
				<key>GCC_PRECOMPILE_PREFIX_HEADER</key>
				<string>YES</string>
				<key>GCC_PREFIX_HEADER</key>
				<string>POP-Handapp/POP-Handapp-Prefix.pch</string>
				<key>INFOPLIST_FILE</key>
				<string>POP-Handapp/POP-Handapp-Info.plist</string>
				<key>PRODUCT_NAME</key>
				<string>$(TARGET_NAME)</string>
				<key>WRAPPER_EXTENSION</key>
				<string>app</string>
			</dict>
			<key>isa</key>
			<string>XCBuildConfiguration</string>
			<key>name</key>
			<string>Debug</string>
		</dict>
		<key>0A54BFD5192622C400341AFB</key>
		<dict>
			<key>baseConfigurationReference</key>
			<string>5E6D23FE5425DD5BED193E2D</string>
			<key>buildSettings</key>
			<dict>
				<key>ASSETCATALOG_COMPILER_APPICON_NAME</key>
				<string>AppIcon</string>
				<key>ASSETCATALOG_COMPILER_LAUNCHIMAGE_NAME</key>
				<string>LaunchImage</string>
				<key>GCC_PRECOMPILE_PREFIX_HEADER</key>
				<string>YES</string>
				<key>GCC_PREFIX_HEADER</key>
				<string>POP-Handapp/POP-Handapp-Prefix.pch</string>
				<key>INFOPLIST_FILE</key>
				<string>POP-Handapp/POP-Handapp-Info.plist</string>
				<key>PRODUCT_NAME</key>
				<string>$(TARGET_NAME)</string>
				<key>WRAPPER_EXTENSION</key>
				<string>app</string>
			</dict>
			<key>isa</key>
			<string>XCBuildConfiguration</string>
			<key>name</key>
			<string>Release</string>
		</dict>
		<key>0A54BFD6192622C400341AFB</key>
		<dict>
			<key>buildConfigurations</key>
			<array>
				<string>0A54BFD7192622C400341AFB</string>
				<string>0A54BFD8192622C400341AFB</string>
			</array>
			<key>defaultConfigurationIsVisible</key>
			<string>0</string>
			<key>defaultConfigurationName</key>
			<string>Release</string>
			<key>isa</key>
			<string>XCConfigurationList</string>
		</dict>
		<key>0A54BFD7192622C400341AFB</key>
		<dict>
			<key>buildSettings</key>
			<dict>
				<key>BUNDLE_LOADER</key>
				<string>$(BUILT_PRODUCTS_DIR)/POP-Handapp.app/POP-Handapp</string>
				<key>FRAMEWORK_SEARCH_PATHS</key>
				<array>
					<string>$(SDKROOT)/Developer/Library/Frameworks</string>
					<string>$(inherited)</string>
					<string>$(DEVELOPER_FRAMEWORKS_DIR)</string>
				</array>
				<key>GCC_PRECOMPILE_PREFIX_HEADER</key>
				<string>YES</string>
				<key>GCC_PREFIX_HEADER</key>
				<string>POP-Handapp/POP-Handapp-Prefix.pch</string>
				<key>GCC_PREPROCESSOR_DEFINITIONS</key>
				<array>
					<string>DEBUG=1</string>
					<string>$(inherited)</string>
				</array>
				<key>INFOPLIST_FILE</key>
				<string>POP-HandappTests/POP-HandappTests-Info.plist</string>
				<key>PRODUCT_NAME</key>
				<string>$(TARGET_NAME)</string>
				<key>TEST_HOST</key>
				<string>$(BUNDLE_LOADER)</string>
				<key>WRAPPER_EXTENSION</key>
				<string>xctest</string>
			</dict>
			<key>isa</key>
			<string>XCBuildConfiguration</string>
			<key>name</key>
			<string>Debug</string>
		</dict>
		<key>0A54BFD8192622C400341AFB</key>
		<dict>
			<key>buildSettings</key>
			<dict>
				<key>BUNDLE_LOADER</key>
				<string>$(BUILT_PRODUCTS_DIR)/POP-Handapp.app/POP-Handapp</string>
				<key>FRAMEWORK_SEARCH_PATHS</key>
				<array>
					<string>$(SDKROOT)/Developer/Library/Frameworks</string>
					<string>$(inherited)</string>
					<string>$(DEVELOPER_FRAMEWORKS_DIR)</string>
				</array>
				<key>GCC_PRECOMPILE_PREFIX_HEADER</key>
				<string>YES</string>
				<key>GCC_PREFIX_HEADER</key>
				<string>POP-Handapp/POP-Handapp-Prefix.pch</string>
				<key>INFOPLIST_FILE</key>
				<string>POP-HandappTests/POP-HandappTests-Info.plist</string>
				<key>PRODUCT_NAME</key>
				<string>$(TARGET_NAME)</string>
				<key>TEST_HOST</key>
				<string>$(BUNDLE_LOADER)</string>
				<key>WRAPPER_EXTENSION</key>
				<string>xctest</string>
			</dict>
			<key>isa</key>
			<string>XCBuildConfiguration</string>
			<key>name</key>
			<string>Release</string>
		</dict>
		<key>0A54BFD91926231500341AFB</key>
		<dict>
			<key>children</key>
			<array>
				<string>0A54BFDA1926231500341AFB</string>
				<string>0A54BFDB1926231500341AFB</string>
			</array>
			<key>isa</key>
			<string>PBXGroup</string>
			<key>path</key>
			<string>Decay</string>
			<key>sourceTree</key>
			<string>&lt;group&gt;</string>
		</dict>
		<key>0A54BFDA1926231500341AFB</key>
		<dict>
			<key>fileEncoding</key>
			<string>4</string>
			<key>isa</key>
			<string>PBXFileReference</string>
			<key>lastKnownFileType</key>
			<string>sourcecode.c.h</string>
			<key>path</key>
			<string>PDDecayViewController.h</string>
			<key>sourceTree</key>
			<string>&lt;group&gt;</string>
		</dict>
		<key>0A54BFDB1926231500341AFB</key>
		<dict>
			<key>fileEncoding</key>
			<string>4</string>
			<key>isa</key>
			<string>PBXFileReference</string>
			<key>lastKnownFileType</key>
			<string>sourcecode.c.objc</string>
			<key>path</key>
			<string>PDDecayViewController.m</string>
			<key>sourceTree</key>
			<string>&lt;group&gt;</string>
		</dict>
		<key>0A54BFDC1926231500341AFB</key>
		<dict>
			<key>fileEncoding</key>
			<string>4</string>
			<key>isa</key>
			<string>PBXFileReference</string>
			<key>lastKnownFileType</key>
			<string>sourcecode.c.h</string>
			<key>path</key>
			<string>PDAnimationManager.h</string>
			<key>sourceTree</key>
			<string>&lt;group&gt;</string>
		</dict>
		<key>0A54BFDD1926231500341AFB</key>
		<dict>
			<key>fileEncoding</key>
			<string>4</string>
			<key>isa</key>
			<string>PBXFileReference</string>
			<key>lastKnownFileType</key>
			<string>sourcecode.c.objc</string>
			<key>path</key>
			<string>PDAnimationManager.m</string>
			<key>sourceTree</key>
			<string>&lt;group&gt;</string>
		</dict>
		<key>0A54BFDE1926231500341AFB</key>
		<dict>
			<key>fileEncoding</key>
			<string>4</string>
			<key>isa</key>
			<string>PBXFileReference</string>
			<key>lastKnownFileType</key>
			<string>sourcecode.c.h</string>
			<key>path</key>
			<string>PDSpringViewController.h</string>
			<key>sourceTree</key>
			<string>&lt;group&gt;</string>
		</dict>
		<key>0A54BFDF1926231500341AFB</key>
		<dict>
			<key>fileEncoding</key>
			<string>4</string>
			<key>isa</key>
			<string>PBXFileReference</string>
			<key>lastKnownFileType</key>
			<string>sourcecode.c.objc</string>
			<key>path</key>
			<string>PDSpringViewController.m</string>
			<key>sourceTree</key>
			<string>&lt;group&gt;</string>
		</dict>
		<key>0A54BFE01926231500341AFB</key>
		<dict>
			<key>fileRef</key>
			<string>0A54BFDB1926231500341AFB</string>
			<key>isa</key>
			<string>PBXBuildFile</string>
		</dict>
		<key>0A54BFE11926231500341AFB</key>
		<dict>
			<key>fileRef</key>
			<string>0A54BFDD1926231500341AFB</string>
			<key>isa</key>
			<string>PBXBuildFile</string>
		</dict>
		<key>0A54BFE21926231500341AFB</key>
		<dict>
			<key>fileRef</key>
			<string>0A54BFDF1926231500341AFB</string>
			<key>isa</key>
			<string>PBXBuildFile</string>
		</dict>
		<key>0A54BFE31926232900341AFB</key>
		<dict>
			<key>children</key>
			<array>
				<string>0A54BFDE1926231500341AFB</string>
				<string>0A54BFDF1926231500341AFB</string>
			</array>
			<key>isa</key>
			<string>PBXGroup</string>
			<key>name</key>
			<string>Spring</string>
			<key>sourceTree</key>
			<string>&lt;group&gt;</string>
		</dict>
		<key>0A54BFE419265D0F00341AFB</key>
		<dict>
			<key>fileEncoding</key>
			<string>4</string>
			<key>isa</key>
			<string>PBXFileReference</string>
			<key>lastKnownFileType</key>
			<string>text.plist.xml</string>
			<key>path</key>
			<string>POP-Handapp-Info.plist</string>
			<key>sourceTree</key>
			<string>&lt;group&gt;</string>
		</dict>
		<key>0A54BFE519265D0F00341AFB</key>
		<dict>
			<key>fileEncoding</key>
			<string>4</string>
			<key>isa</key>
			<string>PBXFileReference</string>
			<key>lastKnownFileType</key>
			<string>sourcecode.c.h</string>
			<key>path</key>
			<string>POP-Handapp-Prefix.pch</string>
			<key>sourceTree</key>
			<string>&lt;group&gt;</string>
		</dict>
		<key>0A54BFE619265D0F00341AFB</key>
		<dict>
			<key>fileRef</key>
			<string>0A54BFE419265D0F00341AFB</string>
			<key>isa</key>
			<string>PBXBuildFile</string>
		</dict>
		<key>0A748FD81926BA540067EFCB</key>
		<dict>
			<key>fileEncoding</key>
			<string>4</string>
			<key>isa</key>
			<string>PBXFileReference</string>
			<key>lastKnownFileType</key>
			<string>sourcecode.c.h</string>
			<key>name</key>
			<string>PDBasicViewController.h</string>
			<key>path</key>
			<string>Basic/PDBasicViewController.h</string>
			<key>sourceTree</key>
			<string>&lt;group&gt;</string>
		</dict>
		<key>0A748FD91926BA540067EFCB</key>
		<dict>
			<key>fileEncoding</key>
			<string>4</string>
			<key>isa</key>
			<string>PBXFileReference</string>
			<key>lastKnownFileType</key>
			<string>sourcecode.c.objc</string>
			<key>name</key>
			<string>PDBasicViewController.m</string>
			<key>path</key>
			<string>Basic/PDBasicViewController.m</string>
			<key>sourceTree</key>
			<string>&lt;group&gt;</string>
		</dict>
		<key>0A748FDA1926BA540067EFCB</key>
		<dict>
			<key>fileRef</key>
			<string>0A748FD91926BA540067EFCB</string>
			<key>isa</key>
			<string>PBXBuildFile</string>
		</dict>
		<key>0A748FDB1926BA570067EFCB</key>
		<dict>
			<key>children</key>
			<array>
				<string>0A748FD81926BA540067EFCB</string>
				<string>0A748FD91926BA540067EFCB</string>
			</array>
			<key>isa</key>
			<string>PBXGroup</string>
			<key>name</key>
			<string>Basic</string>
			<key>sourceTree</key>
			<string>&lt;group&gt;</string>
		</dict>
		<key>0A927F2819273484005E44E9</key>
		<dict>
			<key>fileEncoding</key>
			<string>4</string>
			<key>isa</key>
			<string>PBXFileReference</string>
			<key>lastKnownFileType</key>
			<string>sourcecode.c.h</string>
			<key>name</key>
			<string>PDUsageViewController.h</string>
			<key>path</key>
			<string>Usage/PDUsageViewController.h</string>
			<key>sourceTree</key>
			<string>&lt;group&gt;</string>
		</dict>
		<key>0A927F2919273484005E44E9</key>
		<dict>
			<key>fileEncoding</key>
			<string>4</string>
			<key>isa</key>
			<string>PBXFileReference</string>
			<key>lastKnownFileType</key>
			<string>sourcecode.c.objc</string>
			<key>name</key>
			<string>PDUsageViewController.m</string>
			<key>path</key>
			<string>Usage/PDUsageViewController.m</string>
			<key>sourceTree</key>
			<string>&lt;group&gt;</string>
		</dict>
		<key>0A927F2A19273484005E44E9</key>
		<dict>
			<key>fileRef</key>
			<string>0A927F2919273484005E44E9</string>
			<key>isa</key>
			<string>PBXBuildFile</string>
		</dict>
		<key>0A927F2B19273487005E44E9</key>
		<dict>
			<key>children</key>
			<array>
				<string>0A927F2819273484005E44E9</string>
				<string>0A927F2919273484005E44E9</string>
			</array>
			<key>isa</key>
			<string>PBXGroup</string>
			<key>name</key>
			<string>Usage</string>
			<key>sourceTree</key>
			<string>&lt;group&gt;</string>
		</dict>
		<key>0AA366F01926BD8D00502971</key>
		<dict>
			<key>fileEncoding</key>
			<string>4</string>
			<key>isa</key>
			<string>PBXFileReference</string>
			<key>lastKnownFileType</key>
			<string>sourcecode.c.h</string>
			<key>name</key>
			<string>PDPropertyViewController.h</string>
			<key>path</key>
			<string>Property/PDPropertyViewController.h</string>
			<key>sourceTree</key>
			<string>&lt;group&gt;</string>
		</dict>
		<key>0AA366F11926BD8D00502971</key>
		<dict>
			<key>fileEncoding</key>
			<string>4</string>
			<key>isa</key>
			<string>PBXFileReference</string>
			<key>lastKnownFileType</key>
			<string>sourcecode.c.objc</string>
			<key>name</key>
			<string>PDPropertyViewController.m</string>
			<key>path</key>
			<string>Property/PDPropertyViewController.m</string>
			<key>sourceTree</key>
			<string>&lt;group&gt;</string>
		</dict>
		<key>0AA366F21926BD8D00502971</key>
		<dict>
			<key>fileRef</key>
			<string>0AA366F11926BD8D00502971</string>
			<key>isa</key>
			<string>PBXBuildFile</string>
		</dict>
		<key>0AA366F31926BD9100502971</key>
		<dict>
			<key>children</key>
			<array>
				<string>0AA366F01926BD8D00502971</string>
				<string>0AA366F11926BD8D00502971</string>
			</array>
			<key>isa</key>
			<string>PBXGroup</string>
			<key>name</key>
			<string>Property</string>
			<key>sourceTree</key>
			<string>&lt;group&gt;</string>
		</dict>
		<key>390FA0C4D62045DA8353F441</key>
		<dict>
			<key>fileRef</key>
			<string>813F742214324DAFAA5B19CB</string>
			<key>isa</key>
			<string>PBXBuildFile</string>
		</dict>
		<key>5E6D23FE5425DD5BED193E2D</key>
		<dict>
			<key>includeInIndex</key>
			<string>1</string>
			<key>isa</key>
			<string>PBXFileReference</string>
			<key>lastKnownFileType</key>
			<string>text.xcconfig</string>
			<key>name</key>
			<string>Pods.release.xcconfig</string>
			<key>path</key>
			<string>Pods/Target Support Files/Pods/Pods.release.xcconfig</string>
			<key>sourceTree</key>
			<string>&lt;group&gt;</string>
		</dict>
		<key>6F56EDE40B2A91DFEEFB590F</key>
		<dict>
			<key>includeInIndex</key>
			<string>1</string>
			<key>isa</key>
			<string>PBXFileReference</string>
			<key>lastKnownFileType</key>
			<string>text.xcconfig</string>
			<key>name</key>
			<string>Pods.debug.xcconfig</string>
			<key>path</key>
			<string>Pods/Target Support Files/Pods/Pods.debug.xcconfig</string>
			<key>sourceTree</key>
			<string>&lt;group&gt;</string>
		</dict>
		<key>762826E72CA249C59AC17725</key>
		<dict>
			<key>buildActionMask</key>
			<string>2147483647</string>
			<key>files</key>
			<array/>
			<key>inputPaths</key>
			<array/>
			<key>isa</key>
			<string>PBXShellScriptBuildPhase</string>
			<key>name</key>
			<string>Copy Pods Resources</string>
			<key>outputPaths</key>
			<array/>
			<key>runOnlyForDeploymentPostprocessing</key>
			<string>0</string>
			<key>shellPath</key>
			<string>/bin/sh</string>
			<key>shellScript</key>
			<string>"${SRCROOT}/Pods/Target Support Files/Pods/Pods-resources.sh"
</string>
			<key>showEnvVarsInLog</key>
			<string>0</string>
		</dict>
		<key>813F742214324DAFAA5B19CB</key>
		<dict>
			<key>explicitFileType</key>
			<string>archive.ar</string>
			<key>includeInIndex</key>
			<string>0</string>
			<key>isa</key>
			<string>PBXFileReference</string>
			<key>path</key>
			<string>libPods.a</string>
			<key>sourceTree</key>
			<string>BUILT_PRODUCTS_DIR</string>
		</dict>
		<key>BB4E7CF38A974965BCE2803D</key>
		<dict>
			<key>buildActionMask</key>
			<string>2147483647</string>
			<key>files</key>
			<array/>
			<key>inputPaths</key>
			<array/>
			<key>isa</key>
			<string>PBXShellScriptBuildPhase</string>
			<key>name</key>
			<string>Check Pods Manifest.lock</string>
			<key>outputPaths</key>
			<array/>
			<key>runOnlyForDeploymentPostprocessing</key>
			<string>0</string>
			<key>shellPath</key>
			<string>/bin/sh</string>
			<key>shellScript</key>
			<string>diff "${PODS_ROOT}/../Podfile.lock" "${PODS_ROOT}/Manifest.lock" &gt; /dev/null
if [[ $? != 0 ]] ; then
    cat &lt;&lt; EOM
error: The sandbox is not in sync with the Podfile.lock. Run 'pod install' or update your CocoaPods installation.
EOM
    exit 1
fi
</string>
			<key>showEnvVarsInLog</key>
			<string>0</string>
		</dict>
	</dict>
	<key>rootObject</key>
	<string>0A54BF96192622C400341AFB</string>
</dict>
</plist>
